{
  "name": "Chat_Firestore",
  "lockfileVersion": 3,
  "requires": true,
  "packages": {
    "": {
      "dependencies": {
        "tw-elements": "^2.0.0"
      }
    },
    "node_modules/tw-elements": {
      "version": "2.0.0",
      "resolved": "https://registry.npmjs.org/tw-elements/-/tw-elements-2.0.0.tgz",
      "integrity": "sha512-aiitkqzmCZIZ9zJr3V6ErVzU/CrKoAkptpv94t0pEKnVn2Ah4jOplXOO/v6Fo9jr3PoTA5dxvlyS4w8rnW/iag=="
    }
  }
}
